// !$*UTF8*$!
{
	archiveVersion = 1;
	classes = {
	};
	objectVersion = 56;
	objects = {

/* Begin PBXBuildFile section */
		8791A7662B3C3783001A2CCC /* AppDelegate.swift in Sources */ = {isa = PBXBuildFile; fileRef = 8791A7652B3C3783001A2CCC /* AppDelegate.swift */; };
		8791A7682B3C3783001A2CCC /* SceneDelegate.swift in Sources */ = {isa = PBXBuildFile; fileRef = 8791A7672B3C3783001A2CCC /* SceneDelegate.swift */; };
		87B5C41C2B8543E8003E8D76 /* RootAssembly.swift in Sources */ = {isa = PBXBuildFile; fileRef = 87B5C41B2B8543E8003E8D76 /* RootAssembly.swift */; };
		9F14D4E3C733E51FC07F9927 /* Pods_PROD_PlaygroundTests.framework in Frameworks */ = {isa = PBXBuildFile; fileRef = D7DF106277360C7E5E6689E2 /* Pods_PROD_PlaygroundTests.framework */; };
		E74E7059643A671FDCBA078B /* Pods_PROD_Playground.framework in Frameworks */ = {isa = PBXBuildFile; fileRef = 60CA4D4B7A13ADF7ED9F17DA /* Pods_PROD_Playground.framework */; };
/* End PBXBuildFile section */

/* Begin PBXContainerItemProxy section */
		8791A7792B3C3784001A2CCC /* PBXContainerItemProxy */ = {
			isa = PBXContainerItemProxy;
			containerPortal = 8791A75A2B3C3783001A2CCC /* Project object */;
			proxyType = 1;
			remoteGlobalIDString = 8791A7612B3C3783001A2CCC;
			remoteInfo = "PROD-Playground";
		};
/* End PBXContainerItemProxy section */

/* Begin PBXFileReference section */
		35598F103EA8331C953993C8 /* Pods-PROD-Playground.release.xcconfig */ = {isa = PBXFileReference; includeInIndex = 1; lastKnownFileType = text.xcconfig; name = "Pods-PROD-Playground.release.xcconfig"; path = "Target Support Files/Pods-PROD-Playground/Pods-PROD-Playground.release.xcconfig"; sourceTree = "<group>"; };
		4AA6FE9DBCD00DC42CBE2236 /* Pods-PROD-Playground-PROD-PlaygroundTests.debug.xcconfig */ = {isa = PBXFileReference; includeInIndex = 1; lastKnownFileType = text.xcconfig; name = "Pods-PROD-Playground-PROD-PlaygroundTests.debug.xcconfig"; path = "Target Support Files/Pods-PROD-Playground-PROD-PlaygroundTests/Pods-PROD-Playground-PROD-PlaygroundTests.debug.xcconfig"; sourceTree = "<group>"; };
		5512D6ED3F5760C32633DEEA /* Pods_PROD_Playground_PROD_PlaygroundUITests.framework */ = {isa = PBXFileReference; explicitFileType = wrapper.framework; includeInIndex = 0; path = Pods_PROD_Playground_PROD_PlaygroundUITests.framework; sourceTree = BUILT_PRODUCTS_DIR; };
		60CA4D4B7A13ADF7ED9F17DA /* Pods_PROD_Playground.framework */ = {isa = PBXFileReference; explicitFileType = wrapper.framework; includeInIndex = 0; path = Pods_PROD_Playground.framework; sourceTree = BUILT_PRODUCTS_DIR; };
		872D6AD32B865A600019EE52 /* Task1.md */ = {isa = PBXFileReference; lastKnownFileType = net.daringfireball.markdown; path = Task1.md; sourceTree = "<group>"; };
		872D6AD42B865D150019EE52 /* Task3.md */ = {isa = PBXFileReference; lastKnownFileType = net.daringfireball.markdown; path = Task3.md; sourceTree = "<group>"; };
		872D6AD52B865D150019EE52 /* Task10.md */ = {isa = PBXFileReference; lastKnownFileType = net.daringfireball.markdown; path = Task10.md; sourceTree = "<group>"; };
		872D6AD62B865D150019EE52 /* Task9.md */ = {isa = PBXFileReference; lastKnownFileType = net.daringfireball.markdown; path = Task9.md; sourceTree = "<group>"; };
		872D6AD72B865D150019EE52 /* Task6.md */ = {isa = PBXFileReference; lastKnownFileType = net.daringfireball.markdown; path = Task6.md; sourceTree = "<group>"; };
		872D6AD82B865D150019EE52 /* Task7.md */ = {isa = PBXFileReference; lastKnownFileType = net.daringfireball.markdown; path = Task7.md; sourceTree = "<group>"; };
		872D6AD92B865D150019EE52 /* Task5.md */ = {isa = PBXFileReference; lastKnownFileType = net.daringfireball.markdown; path = Task5.md; sourceTree = "<group>"; };
		872D6ADA2B865D150019EE52 /* Task4.md */ = {isa = PBXFileReference; lastKnownFileType = net.daringfireball.markdown; path = Task4.md; sourceTree = "<group>"; };
		872D6ADB2B865D150019EE52 /* Task2.md */ = {isa = PBXFileReference; lastKnownFileType = net.daringfireball.markdown; path = Task2.md; sourceTree = "<group>"; };
		872D6ADC2B865D150019EE52 /* Task8.md */ = {isa = PBXFileReference; lastKnownFileType = net.daringfireball.markdown; path = Task8.md; sourceTree = "<group>"; };
		875524652B8CAEF400C5948F /* promocode.svg */ = {isa = PBXFileReference; lastKnownFileType = text; path = promocode.svg; sourceTree = "<group>"; };
		875524662B8CAEF400C5948F /* banner.svg */ = {isa = PBXFileReference; lastKnownFileType = text; path = banner.svg; sourceTree = "<group>"; };
		875524672B8CAEF400C5948F /* offer.svg */ = {isa = PBXFileReference; lastKnownFileType = text; path = offer.svg; sourceTree = "<group>"; };
		875524682B8CAEF400C5948F /* button.svg */ = {isa = PBXFileReference; lastKnownFileType = text; path = button.svg; sourceTree = "<group>"; };
		875524692B8CAEF400C5948F /* header.svg */ = {isa = PBXFileReference; lastKnownFileType = text; path = header.svg; sourceTree = "<group>"; };
		8791A7622B3C3783001A2CCC /* PROD-Playground.app */ = {isa = PBXFileReference; explicitFileType = wrapper.application; includeInIndex = 0; path = "PROD-Playground.app"; sourceTree = BUILT_PRODUCTS_DIR; };
		8791A7652B3C3783001A2CCC /* AppDelegate.swift */ = {isa = PBXFileReference; lastKnownFileType = sourcecode.swift; path = AppDelegate.swift; sourceTree = "<group>"; };
		8791A7672B3C3783001A2CCC /* SceneDelegate.swift */ = {isa = PBXFileReference; lastKnownFileType = sourcecode.swift; path = SceneDelegate.swift; sourceTree = "<group>"; };
		8791A76E2B3C3784001A2CCC /* Assets.xcassets */ = {isa = PBXFileReference; lastKnownFileType = folder.assetcatalog; path = Assets.xcassets; sourceTree = "<group>"; };
		8791A7732B3C3784001A2CCC /* Info.plist */ = {isa = PBXFileReference; lastKnownFileType = text.plist.xml; path = Info.plist; sourceTree = "<group>"; };
		8791A7782B3C3784001A2CCC /* PROD-PlaygroundTests.xctest */ = {isa = PBXFileReference; explicitFileType = wrapper.cfbundle; includeInIndex = 0; path = "PROD-PlaygroundTests.xctest"; sourceTree = BUILT_PRODUCTS_DIR; };
		87B5C41B2B8543E8003E8D76 /* RootAssembly.swift */ = {isa = PBXFileReference; lastKnownFileType = sourcecode.swift; path = RootAssembly.swift; sourceTree = "<group>"; };
		87C6C4A82B88FBC60015CE54 /* README.md */ = {isa = PBXFileReference; fileEncoding = 4; lastKnownFileType = net.daringfireball.markdown; path = README.md; sourceTree = "<group>"; };
		9CDF5023569827439F0CC60E /* Pods-PROD-Playground-PROD-PlaygroundTests.release.xcconfig */ = {isa = PBXFileReference; includeInIndex = 1; lastKnownFileType = text.xcconfig; name = "Pods-PROD-Playground-PROD-PlaygroundTests.release.xcconfig"; path = "Target Support Files/Pods-PROD-Playground-PROD-PlaygroundTests/Pods-PROD-Playground-PROD-PlaygroundTests.release.xcconfig"; sourceTree = "<group>"; };
		9F9AA402DA3D6C7468C8ABDB /* Pods-PROD-PlaygroundTests.debug.xcconfig */ = {isa = PBXFileReference; includeInIndex = 1; lastKnownFileType = text.xcconfig; name = "Pods-PROD-PlaygroundTests.debug.xcconfig"; path = "Target Support Files/Pods-PROD-PlaygroundTests/Pods-PROD-PlaygroundTests.debug.xcconfig"; sourceTree = "<group>"; };
		A5638B7CB142DAAE88C870BB /* Pods-PROD-Playground-PROD-PlaygroundUITests.release.xcconfig */ = {isa = PBXFileReference; includeInIndex = 1; lastKnownFileType = text.xcconfig; name = "Pods-PROD-Playground-PROD-PlaygroundUITests.release.xcconfig"; path = "Target Support Files/Pods-PROD-Playground-PROD-PlaygroundUITests/Pods-PROD-Playground-PROD-PlaygroundUITests.release.xcconfig"; sourceTree = "<group>"; };
		A951E0E98DA62442F54ABCEA /* Pods-PROD-Playground.debug.xcconfig */ = {isa = PBXFileReference; includeInIndex = 1; lastKnownFileType = text.xcconfig; name = "Pods-PROD-Playground.debug.xcconfig"; path = "Target Support Files/Pods-PROD-Playground/Pods-PROD-Playground.debug.xcconfig"; sourceTree = "<group>"; };
		BB31657DC7A64181466B060E /* Pods-PROD-Playground-PROD-PlaygroundUITests.debug.xcconfig */ = {isa = PBXFileReference; includeInIndex = 1; lastKnownFileType = text.xcconfig; name = "Pods-PROD-Playground-PROD-PlaygroundUITests.debug.xcconfig"; path = "Target Support Files/Pods-PROD-Playground-PROD-PlaygroundUITests/Pods-PROD-Playground-PROD-PlaygroundUITests.debug.xcconfig"; sourceTree = "<group>"; };
		D7DF106277360C7E5E6689E2 /* Pods_PROD_PlaygroundTests.framework */ = {isa = PBXFileReference; explicitFileType = wrapper.framework; includeInIndex = 0; path = Pods_PROD_PlaygroundTests.framework; sourceTree = BUILT_PRODUCTS_DIR; };
		DE5DFF5BD00AAAB225607A4A /* Pods-PROD-PlaygroundTests.release.xcconfig */ = {isa = PBXFileReference; includeInIndex = 1; lastKnownFileType = text.xcconfig; name = "Pods-PROD-PlaygroundTests.release.xcconfig"; path = "Target Support Files/Pods-PROD-PlaygroundTests/Pods-PROD-PlaygroundTests.release.xcconfig"; sourceTree = "<group>"; };
/* End PBXFileReference section */

/* Begin PBXFrameworksBuildPhase section */
		8791A75F2B3C3783001A2CCC /* Frameworks */ = {
			isa = PBXFrameworksBuildPhase;
			buildActionMask = 2147483647;
			files = (
				E74E7059643A671FDCBA078B /* Pods_PROD_Playground.framework in Frameworks */,
			);
			runOnlyForDeploymentPostprocessing = 0;
		};
		8791A7752B3C3784001A2CCC /* Frameworks */ = {
			isa = PBXFrameworksBuildPhase;
			buildActionMask = 2147483647;
			files = (
				9F14D4E3C733E51FC07F9927 /* Pods_PROD_PlaygroundTests.framework in Frameworks */,
			);
			runOnlyForDeploymentPostprocessing = 0;
		};
/* End PBXFrameworksBuildPhase section */

/* Begin PBXGroup section */
		1DB137A12EC0F6525EE4E6D2 /* Pods */ = {
			isa = PBXGroup;
			children = (
				A951E0E98DA62442F54ABCEA /* Pods-PROD-Playground.debug.xcconfig */,
				35598F103EA8331C953993C8 /* Pods-PROD-Playground.release.xcconfig */,
				BB31657DC7A64181466B060E /* Pods-PROD-Playground-PROD-PlaygroundUITests.debug.xcconfig */,
				A5638B7CB142DAAE88C870BB /* Pods-PROD-Playground-PROD-PlaygroundUITests.release.xcconfig */,
				9F9AA402DA3D6C7468C8ABDB /* Pods-PROD-PlaygroundTests.debug.xcconfig */,
				DE5DFF5BD00AAAB225607A4A /* Pods-PROD-PlaygroundTests.release.xcconfig */,
				4AA6FE9DBCD00DC42CBE2236 /* Pods-PROD-Playground-PROD-PlaygroundTests.debug.xcconfig */,
				9CDF5023569827439F0CC60E /* Pods-PROD-Playground-PROD-PlaygroundTests.release.xcconfig */,
			);
			path = Pods;
			sourceTree = "<group>";
		};
		47447E4969E0CDAAD314576C /* Frameworks */ = {
			isa = PBXGroup;
			children = (
				60CA4D4B7A13ADF7ED9F17DA /* Pods_PROD_Playground.framework */,
				5512D6ED3F5760C32633DEEA /* Pods_PROD_Playground_PROD_PlaygroundUITests.framework */,
				D7DF106277360C7E5E6689E2 /* Pods_PROD_PlaygroundTests.framework */,
			);
			name = Frameworks;
			sourceTree = "<group>";
		};
		872D6AD22B865A350019EE52 /* Task */ = {
			isa = PBXGroup;
			children = (
				875524642B8CAEF400C5948F /* figma */,
				872D6AD32B865A600019EE52 /* Task1.md */,
				872D6ADB2B865D150019EE52 /* Task2.md */,
				872D6AD42B865D150019EE52 /* Task3.md */,
				872D6ADA2B865D150019EE52 /* Task4.md */,
				872D6AD92B865D150019EE52 /* Task5.md */,
				872D6AD72B865D150019EE52 /* Task6.md */,
				872D6AD82B865D150019EE52 /* Task7.md */,
				872D6ADC2B865D150019EE52 /* Task8.md */,
				872D6AD62B865D150019EE52 /* Task9.md */,
				872D6AD52B865D150019EE52 /* Task10.md */,
			);
			path = Task;
			sourceTree = "<group>";
		};
		875524642B8CAEF400C5948F /* figma */ = {
			isa = PBXGroup;
			children = (
				875524652B8CAEF400C5948F /* promocode.svg */,
				875524662B8CAEF400C5948F /* banner.svg */,
				875524672B8CAEF400C5948F /* offer.svg */,
				875524682B8CAEF400C5948F /* button.svg */,
				875524692B8CAEF400C5948F /* header.svg */,
			);
			path = figma;
			sourceTree = "<group>";
		};
		8791A7592B3C3783001A2CCC = {
			isa = PBXGroup;
			children = (
				87C6C4A82B88FBC60015CE54 /* README.md */,
				872D6AD22B865A350019EE52 /* Task */,
				8791A7642B3C3783001A2CCC /* PROD-Playground */,
				8791A77B2B3C3784001A2CCC /* PROD-PlaygroundTests */,
				8791A7632B3C3783001A2CCC /* Products */,
				1DB137A12EC0F6525EE4E6D2 /* Pods */,
				47447E4969E0CDAAD314576C /* Frameworks */,
			);
			sourceTree = "<group>";
		};
		8791A7632B3C3783001A2CCC /* Products */ = {
			isa = PBXGroup;
			children = (
				8791A7622B3C3783001A2CCC /* PROD-Playground.app */,
				8791A7782B3C3784001A2CCC /* PROD-PlaygroundTests.xctest */,
			);
			name = Products;
			sourceTree = "<group>";
		};
		8791A7642B3C3783001A2CCC /* PROD-Playground */ = {
			isa = PBXGroup;
			children = (
				8791A7652B3C3783001A2CCC /* AppDelegate.swift */,
				8791A7672B3C3783001A2CCC /* SceneDelegate.swift */,
				8791A76E2B3C3784001A2CCC /* Assets.xcassets */,
				8791A7732B3C3784001A2CCC /* Info.plist */,
				87B5C41B2B8543E8003E8D76 /* RootAssembly.swift */,
			);
			path = "PROD-Playground";
			sourceTree = "<group>";
		};
		8791A77B2B3C3784001A2CCC /* PROD-PlaygroundTests */ = {
			isa = PBXGroup;
			children = (
			);
			path = "PROD-PlaygroundTests";
			sourceTree = "<group>";
		};
/* End PBXGroup section */

/* Begin PBXNativeTarget section */
		8791A7612B3C3783001A2CCC /* PROD-Playground */ = {
			isa = PBXNativeTarget;
			buildConfigurationList = 8791A78C2B3C3784001A2CCC /* Build configuration list for PBXNativeTarget "PROD-Playground" */;
			buildPhases = (
				8BA1558C73592B97BBACDB3B /* [CP] Check Pods Manifest.lock */,
				8791A75E2B3C3783001A2CCC /* Sources */,
				8791A75F2B3C3783001A2CCC /* Frameworks */,
				553BDDBA6AB09EC5567E230C /* [CP] Copy Pods Resources */,
				484232CCF310BF325E7A38A1 /* [CP] Embed Pods Frameworks */,
			);
			buildRules = (
			);
			dependencies = (
			);
			name = "PROD-Playground";
			productName = "PROD-Playground";
			productReference = 8791A7622B3C3783001A2CCC /* PROD-Playground.app */;
			productType = "com.apple.product-type.application";
		};
		8791A7772B3C3784001A2CCC /* PROD-PlaygroundTests */ = {
			isa = PBXNativeTarget;
			buildConfigurationList = 8791A78F2B3C3784001A2CCC /* Build configuration list for PBXNativeTarget "PROD-PlaygroundTests" */;
			buildPhases = (
				34DBE5B3CAB1F0DA809A270E /* [CP] Check Pods Manifest.lock */,
				8791A7742B3C3784001A2CCC /* Sources */,
				8791A7752B3C3784001A2CCC /* Frameworks */,
				8791A7762B3C3784001A2CCC /* Resources */,
				9DD3C34FC26D1D18B41BA80A /* [CP] Embed Pods Frameworks */,
			);
			buildRules = (
			);
			dependencies = (
				8791A77A2B3C3784001A2CCC /* PBXTargetDependency */,
			);
			name = "PROD-PlaygroundTests";
			productName = "PROD-PlaygroundTests";
			productReference = 8791A7782B3C3784001A2CCC /* PROD-PlaygroundTests.xctest */;
			productType = "com.apple.product-type.bundle.unit-test";
		};
/* End PBXNativeTarget section */

/* Begin PBXProject section */
		8791A75A2B3C3783001A2CCC /* Project object */ = {
			isa = PBXProject;
			attributes = {
				BuildIndependentTargetsInParallel = 1;
				LastSwiftUpdateCheck = 1410;
				LastUpgradeCheck = 1410;
				TargetAttributes = {
					8791A7612B3C3783001A2CCC = {
						CreatedOnToolsVersion = 14.1;
					};
					8791A7772B3C3784001A2CCC = {
						CreatedOnToolsVersion = 14.1;
						TestTargetID = 8791A7612B3C3783001A2CCC;
					};
				};
			};
			buildConfigurationList = 8791A75D2B3C3783001A2CCC /* Build configuration list for PBXProject "PROD-Playground" */;
			compatibilityVersion = "Xcode 14.0";
			developmentRegion = en;
			hasScannedForEncodings = 0;
			knownRegions = (
				en,
				Base,
			);
			mainGroup = 8791A7592B3C3783001A2CCC;
			productRefGroup = 8791A7632B3C3783001A2CCC /* Products */;
			projectDirPath = "";
			projectRoot = "";
			targets = (
				8791A7612B3C3783001A2CCC /* PROD-Playground */,
				8791A7772B3C3784001A2CCC /* PROD-PlaygroundTests */,
			);
		};
/* End PBXProject section */

/* Begin PBXResourcesBuildPhase section */
		8791A7762B3C3784001A2CCC /* Resources */ = {
			isa = PBXResourcesBuildPhase;
			buildActionMask = 2147483647;
			files = (
			);
			runOnlyForDeploymentPostprocessing = 0;
		};
/* End PBXResourcesBuildPhase section */

/* Begin PBXShellScriptBuildPhase section */
		34DBE5B3CAB1F0DA809A270E /* [CP] Check Pods Manifest.lock */ = {
			isa = PBXShellScriptBuildPhase;
			buildActionMask = 2147483647;
			files = (
			);
			inputFileListPaths = (
			);
			inputPaths = (
				"${PODS_PODFILE_DIR_PATH}/Podfile.lock",
				"${PODS_ROOT}/Manifest.lock",
			);
			name = "[CP] Check Pods Manifest.lock";
			outputFileListPaths = (
			);
			outputPaths = (
				"$(DERIVED_FILE_DIR)/Pods-PROD-PlaygroundTests-checkManifestLockResult.txt",
			);
			runOnlyForDeploymentPostprocessing = 0;
			shellPath = /bin/sh;
			shellScript = "diff \"${PODS_PODFILE_DIR_PATH}/Podfile.lock\" \"${PODS_ROOT}/Manifest.lock\" > /dev/null\nif [ $? != 0 ] ; then\n    # print error to STDERR\n    echo \"error: The sandbox is not in sync with the Podfile.lock. Run 'pod install' or update your CocoaPods installation.\" >&2\n    exit 1\nfi\n# This output is used by Xcode 'outputs' to avoid re-running this script phase.\necho \"SUCCESS\" > \"${SCRIPT_OUTPUT_FILE_0}\"\n";
			showEnvVarsInLog = 0;
		};
		484232CCF310BF325E7A38A1 /* [CP] Embed Pods Frameworks */ = {
			isa = PBXShellScriptBuildPhase;
			buildActionMask = 2147483647;
			files = (
			);
			inputFileListPaths = (
				"${PODS_ROOT}/Target Support Files/Pods-PROD-Playground/Pods-PROD-Playground-frameworks-${CONFIGURATION}-input-files.xcfilelist",
			);
			name = "[CP] Embed Pods Frameworks";
			outputFileListPaths = (
				"${PODS_ROOT}/Target Support Files/Pods-PROD-Playground/Pods-PROD-Playground-frameworks-${CONFIGURATION}-output-files.xcfilelist",
			);
			runOnlyForDeploymentPostprocessing = 0;
			shellPath = /bin/sh;
			shellScript = "\"${PODS_ROOT}/Target Support Files/Pods-PROD-Playground/Pods-PROD-Playground-frameworks.sh\"\n";
			showEnvVarsInLog = 0;
		};
		553BDDBA6AB09EC5567E230C /* [CP] Copy Pods Resources */ = {
			isa = PBXShellScriptBuildPhase;
			buildActionMask = 2147483647;
			files = (
			);
			inputFileListPaths = (
				"${PODS_ROOT}/Target Support Files/Pods-PROD-Playground/Pods-PROD-Playground-resources-${CONFIGURATION}-input-files.xcfilelist",
			);
			name = "[CP] Copy Pods Resources";
			outputFileListPaths = (
				"${PODS_ROOT}/Target Support Files/Pods-PROD-Playground/Pods-PROD-Playground-resources-${CONFIGURATION}-output-files.xcfilelist",
			);
			runOnlyForDeploymentPostprocessing = 0;
			shellPath = /bin/sh;
			shellScript = "\"${PODS_ROOT}/Target Support Files/Pods-PROD-Playground/Pods-PROD-Playground-resources.sh\"\n";
			showEnvVarsInLog = 0;
		};
		8BA1558C73592B97BBACDB3B /* [CP] Check Pods Manifest.lock */ = {
			isa = PBXShellScriptBuildPhase;
			buildActionMask = 2147483647;
			files = (
			);
			inputFileListPaths = (
			);
			inputPaths = (
				"${PODS_PODFILE_DIR_PATH}/Podfile.lock",
				"${PODS_ROOT}/Manifest.lock",
			);
			name = "[CP] Check Pods Manifest.lock";
			outputFileListPaths = (
			);
			outputPaths = (
				"$(DERIVED_FILE_DIR)/Pods-PROD-Playground-checkManifestLockResult.txt",
			);
			runOnlyForDeploymentPostprocessing = 0;
			shellPath = /bin/sh;
			shellScript = "diff \"${PODS_PODFILE_DIR_PATH}/Podfile.lock\" \"${PODS_ROOT}/Manifest.lock\" > /dev/null\nif [ $? != 0 ] ; then\n    # print error to STDERR\n    echo \"error: The sandbox is not in sync with the Podfile.lock. Run 'pod install' or update your CocoaPods installation.\" >&2\n    exit 1\nfi\n# This output is used by Xcode 'outputs' to avoid re-running this script phase.\necho \"SUCCESS\" > \"${SCRIPT_OUTPUT_FILE_0}\"\n";
			showEnvVarsInLog = 0;
		};
		9DD3C34FC26D1D18B41BA80A /* [CP] Embed Pods Frameworks */ = {
			isa = PBXShellScriptBuildPhase;
			buildActionMask = 2147483647;
			files = (
			);
			inputFileListPaths = (
				"${PODS_ROOT}/Target Support Files/Pods-PROD-PlaygroundTests/Pods-PROD-PlaygroundTests-frameworks-${CONFIGURATION}-input-files.xcfilelist",
			);
			name = "[CP] Embed Pods Frameworks";
			outputFileListPaths = (
				"${PODS_ROOT}/Target Support Files/Pods-PROD-PlaygroundTests/Pods-PROD-PlaygroundTests-frameworks-${CONFIGURATION}-output-files.xcfilelist",
			);
			runOnlyForDeploymentPostprocessing = 0;
			shellPath = /bin/sh;
			shellScript = "\"${PODS_ROOT}/Target Support Files/Pods-PROD-PlaygroundTests/Pods-PROD-PlaygroundTests-frameworks.sh\"\n";
			showEnvVarsInLog = 0;
		};
/* End PBXShellScriptBuildPhase section */

/* Begin PBXSourcesBuildPhase section */
		8791A75E2B3C3783001A2CCC /* Sources */ = {
			isa = PBXSourcesBuildPhase;
			buildActionMask = 2147483647;
			files = (
				87B5C41C2B8543E8003E8D76 /* RootAssembly.swift in Sources */,
				8791A7662B3C3783001A2CCC /* AppDelegate.swift in Sources */,
				8791A7682B3C3783001A2CCC /* SceneDelegate.swift in Sources */,
			);
			runOnlyForDeploymentPostprocessing = 0;
		};
		8791A7742B3C3784001A2CCC /* Sources */ = {
			isa = PBXSourcesBuildPhase;
			buildActionMask = 2147483647;
			files = (
			);
			runOnlyForDeploymentPostprocessing = 0;
		};
/* End PBXSourcesBuildPhase section */

/* Begin PBXTargetDependency section */
		8791A77A2B3C3784001A2CCC /* PBXTargetDependency */ = {
			isa = PBXTargetDependency;
			target = 8791A7612B3C3783001A2CCC /* PROD-Playground */;
			targetProxy = 8791A7792B3C3784001A2CCC /* PBXContainerItemProxy */;
		};
/* End PBXTargetDependency section */

/* Begin XCBuildConfiguration section */
		8791A78A2B3C3784001A2CCC /* Debug */ = {
			isa = XCBuildConfiguration;
			buildSettings = {
				ALWAYS_SEARCH_USER_PATHS = NO;
				CLANG_ANALYZER_NONNULL = YES;
				CLANG_ANALYZER_NUMBER_OBJECT_CONVERSION = YES_AGGRESSIVE;
				CLANG_CXX_LANGUAGE_STANDARD = "gnu++20";
				CLANG_ENABLE_MODULES = YES;
				CLANG_ENABLE_OBJC_ARC = YES;
				CLANG_ENABLE_OBJC_WEAK = YES;
				CLANG_WARN_BLOCK_CAPTURE_AUTORELEASING = YES;
				CLANG_WARN_BOOL_CONVERSION = YES;
				CLANG_WARN_COMMA = YES;
				CLANG_WARN_CONSTANT_CONVERSION = YES;
				CLANG_WARN_DEPRECATED_OBJC_IMPLEMENTATIONS = YES;
				CLANG_WARN_DIRECT_OBJC_ISA_USAGE = YES_ERROR;
				CLANG_WARN_DOCUMENTATION_COMMENTS = YES;
				CLANG_WARN_EMPTY_BODY = YES;
				CLANG_WARN_ENUM_CONVERSION = YES;
				CLANG_WARN_INFINITE_RECURSION = YES;
				CLANG_WARN_INT_CONVERSION = YES;
				CLANG_WARN_NON_LITERAL_NULL_CONVERSION = YES;
				CLANG_WARN_OBJC_IMPLICIT_RETAIN_SELF = YES;
				CLANG_WARN_OBJC_LITERAL_CONVERSION = YES;
				CLANG_WARN_OBJC_ROOT_CLASS = YES_ERROR;
				CLANG_WARN_QUOTED_INCLUDE_IN_FRAMEWORK_HEADER = YES;
				CLANG_WARN_RANGE_LOOP_ANALYSIS = YES;
				CLANG_WARN_STRICT_PROTOTYPES = YES;
				CLANG_WARN_SUSPICIOUS_MOVE = YES;
				CLANG_WARN_UNGUARDED_AVAILABILITY = YES_AGGRESSIVE;
				CLANG_WARN_UNREACHABLE_CODE = YES;
				CLANG_WARN__DUPLICATE_METHOD_MATCH = YES;
				COPY_PHASE_STRIP = NO;
				DEBUG_INFORMATION_FORMAT = dwarf;
				ENABLE_STRICT_OBJC_MSGSEND = YES;
				ENABLE_TESTABILITY = YES;
				GCC_C_LANGUAGE_STANDARD = gnu11;
				GCC_DYNAMIC_NO_PIC = NO;
				GCC_NO_COMMON_BLOCKS = YES;
				GCC_OPTIMIZATION_LEVEL = 0;
				GCC_PREPROCESSOR_DEFINITIONS = (
					"DEBUG=1",
					"$(inherited)",
				);
				GCC_WARN_64_TO_32_BIT_CONVERSION = YES;
				GCC_WARN_ABOUT_RETURN_TYPE = YES_ERROR;
				GCC_WARN_UNDECLARED_SELECTOR = YES;
				GCC_WARN_UNINITIALIZED_AUTOS = YES_AGGRESSIVE;
				GCC_WARN_UNUSED_FUNCTION = YES;
				GCC_WARN_UNUSED_VARIABLE = YES;
				IPHONEOS_DEPLOYMENT_TARGET = 15.0;
				MTL_ENABLE_DEBUG_INFO = INCLUDE_SOURCE;
				MTL_FAST_MATH = YES;
				ONLY_ACTIVE_ARCH = YES;
				SDKROOT = iphoneos;
				SWIFT_ACTIVE_COMPILATION_CONDITIONS = DEBUG;
				SWIFT_OPTIMIZATION_LEVEL = "-Onone";
			};
			name = Debug;
		};
		8791A78B2B3C3784001A2CCC /* Release */ = {
			isa = XCBuildConfiguration;
			buildSettings = {
				ALWAYS_SEARCH_USER_PATHS = NO;
				CLANG_ANALYZER_NONNULL = YES;
				CLANG_ANALYZER_NUMBER_OBJECT_CONVERSION = YES_AGGRESSIVE;
				CLANG_CXX_LANGUAGE_STANDARD = "gnu++20";
				CLANG_ENABLE_MODULES = YES;
				CLANG_ENABLE_OBJC_ARC = YES;
				CLANG_ENABLE_OBJC_WEAK = YES;
				CLANG_WARN_BLOCK_CAPTURE_AUTORELEASING = YES;
				CLANG_WARN_BOOL_CONVERSION = YES;
				CLANG_WARN_COMMA = YES;
				CLANG_WARN_CONSTANT_CONVERSION = YES;
				CLANG_WARN_DEPRECATED_OBJC_IMPLEMENTATIONS = YES;
				CLANG_WARN_DIRECT_OBJC_ISA_USAGE = YES_ERROR;
				CLANG_WARN_DOCUMENTATION_COMMENTS = YES;
				CLANG_WARN_EMPTY_BODY = YES;
				CLANG_WARN_ENUM_CONVERSION = YES;
				CLANG_WARN_INFINITE_RECURSION = YES;
				CLANG_WARN_INT_CONVERSION = YES;
				CLANG_WARN_NON_LITERAL_NULL_CONVERSION = YES;
				CLANG_WARN_OBJC_IMPLICIT_RETAIN_SELF = YES;
				CLANG_WARN_OBJC_LITERAL_CONVERSION = YES;
				CLANG_WARN_OBJC_ROOT_CLASS = YES_ERROR;
				CLANG_WARN_QUOTED_INCLUDE_IN_FRAMEWORK_HEADER = YES;
				CLANG_WARN_RANGE_LOOP_ANALYSIS = YES;
				CLANG_WARN_STRICT_PROTOTYPES = YES;
				CLANG_WARN_SUSPICIOUS_MOVE = YES;
				CLANG_WARN_UNGUARDED_AVAILABILITY = YES_AGGRESSIVE;
				CLANG_WARN_UNREACHABLE_CODE = YES;
				CLANG_WARN__DUPLICATE_METHOD_MATCH = YES;
				COPY_PHASE_STRIP = NO;
				DEBUG_INFORMATION_FORMAT = "dwarf-with-dsym";
				ENABLE_NS_ASSERTIONS = NO;
				ENABLE_STRICT_OBJC_MSGSEND = YES;
				GCC_C_LANGUAGE_STANDARD = gnu11;
				GCC_NO_COMMON_BLOCKS = YES;
				GCC_WARN_64_TO_32_BIT_CONVERSION = YES;
				GCC_WARN_ABOUT_RETURN_TYPE = YES_ERROR;
				GCC_WARN_UNDECLARED_SELECTOR = YES;
				GCC_WARN_UNINITIALIZED_AUTOS = YES_AGGRESSIVE;
				GCC_WARN_UNUSED_FUNCTION = YES;
				GCC_WARN_UNUSED_VARIABLE = YES;
				IPHONEOS_DEPLOYMENT_TARGET = 15.0;
				MTL_ENABLE_DEBUG_INFO = NO;
				MTL_FAST_MATH = YES;
				SDKROOT = iphoneos;
				SWIFT_COMPILATION_MODE = wholemodule;
				SWIFT_OPTIMIZATION_LEVEL = "-O";
				VALIDATE_PRODUCT = YES;
			};
			name = Release;
		};
		8791A78D2B3C3784001A2CCC /* Debug */ = {
			isa = XCBuildConfiguration;
			baseConfigurationReference = A951E0E98DA62442F54ABCEA /* Pods-PROD-Playground.debug.xcconfig */;
			buildSettings = {
				ASSETCATALOG_COMPILER_APPICON_NAME = AppIcon;
				ASSETCATALOG_COMPILER_GLOBAL_ACCENT_COLOR_NAME = AccentColor;
				CODE_SIGN_STYLE = Automatic;
				CURRENT_PROJECT_VERSION = 1;
				DEVELOPMENT_TEAM = 3UKXNSMQN9;
				GENERATE_INFOPLIST_FILE = YES;
				INFOPLIST_FILE = "PROD-Playground/Info.plist";
				INFOPLIST_KEY_UIApplicationSupportsIndirectInputEvents = YES;
				INFOPLIST_KEY_UILaunchStoryboardName = LaunchScreen;
				INFOPLIST_KEY_UIMainStoryboardFile = "";
				INFOPLIST_KEY_UISupportedInterfaceOrientations_iPad = "UIInterfaceOrientationPortrait UIInterfaceOrientationPortraitUpsideDown UIInterfaceOrientationLandscapeLeft UIInterfaceOrientationLandscapeRight";
				INFOPLIST_KEY_UISupportedInterfaceOrientations_iPhone = "UIInterfaceOrientationPortrait UIInterfaceOrientationLandscapeLeft UIInterfaceOrientationLandscapeRight";
				IPHONEOS_DEPLOYMENT_TARGET = 15.0;
				LD_RUNPATH_SEARCH_PATHS = (
					"$(inherited)",
					"@executable_path/Frameworks",
				);
				MARKETING_VERSION = 1.0;
				PRODUCT_BUNDLE_IDENTIFIER = "tinkoff.PROD-Playground";
				PRODUCT_NAME = "$(TARGET_NAME)";
				SWIFT_EMIT_LOC_STRINGS = YES;
				SWIFT_VERSION = 5.0;
				TARGETED_DEVICE_FAMILY = "1,2";
			};
			name = Debug;
		};
		8791A78E2B3C3784001A2CCC /* Release */ = {
			isa = XCBuildConfiguration;
			baseConfigurationReference = 35598F103EA8331C953993C8 /* Pods-PROD-Playground.release.xcconfig */;
			buildSettings = {
				ASSETCATALOG_COMPILER_APPICON_NAME = AppIcon;
				ASSETCATALOG_COMPILER_GLOBAL_ACCENT_COLOR_NAME = AccentColor;
				CODE_SIGN_STYLE = Automatic;
				CURRENT_PROJECT_VERSION = 1;
				DEVELOPMENT_TEAM = 3UKXNSMQN9;
				GENERATE_INFOPLIST_FILE = YES;
				INFOPLIST_FILE = "PROD-Playground/Info.plist";
				INFOPLIST_KEY_UIApplicationSupportsIndirectInputEvents = YES;
				INFOPLIST_KEY_UILaunchStoryboardName = LaunchScreen;
				INFOPLIST_KEY_UIMainStoryboardFile = "";
				INFOPLIST_KEY_UISupportedInterfaceOrientations_iPad = "UIInterfaceOrientationPortrait UIInterfaceOrientationPortraitUpsideDown UIInterfaceOrientationLandscapeLeft UIInterfaceOrientationLandscapeRight";
				INFOPLIST_KEY_UISupportedInterfaceOrientations_iPhone = "UIInterfaceOrientationPortrait UIInterfaceOrientationLandscapeLeft UIInterfaceOrientationLandscapeRight";
				IPHONEOS_DEPLOYMENT_TARGET = 15.0;
				LD_RUNPATH_SEARCH_PATHS = (
					"$(inherited)",
					"@executable_path/Frameworks",
				);
				MARKETING_VERSION = 1.0;
				PRODUCT_BUNDLE_IDENTIFIER = "tinkoff.PROD-Playground";
				PRODUCT_NAME = "$(TARGET_NAME)";
				SWIFT_EMIT_LOC_STRINGS = YES;
				SWIFT_VERSION = 5.0;
				TARGETED_DEVICE_FAMILY = "1,2";
			};
			name = Release;
		};
		8791A7902B3C3784001A2CCC /* Debug */ = {
			isa = XCBuildConfiguration;
			baseConfigurationReference = 9F9AA402DA3D6C7468C8ABDB /* Pods-PROD-PlaygroundTests.debug.xcconfig */;
			buildSettings = {
				ALWAYS_EMBED_SWIFT_STANDARD_LIBRARIES = YES;
				BUNDLE_LOADER = "$(TEST_HOST)";
				CODE_SIGN_STYLE = Automatic;
				CURRENT_PROJECT_VERSION = 1;
				DEVELOPMENT_TEAM = 3UKXNSMQN9;
				GENERATE_INFOPLIST_FILE = YES;
				IPHONEOS_DEPLOYMENT_TARGET = 15.0;
				MARKETING_VERSION = 1.0;
				PRODUCT_BUNDLE_IDENTIFIER = "tinkoff.PROD-PlaygroundTests";
				PRODUCT_NAME = "$(TARGET_NAME)";
				SWIFT_EMIT_LOC_STRINGS = NO;
				SWIFT_VERSION = 5.0;
				TARGETED_DEVICE_FAMILY = "1,2";
				TEST_HOST = "$(BUILT_PRODUCTS_DIR)/PROD-Playground.app/$(BUNDLE_EXECUTABLE_FOLDER_PATH)/PROD-Playground";
			};
			name = Debug;
		};
		8791A7912B3C3784001A2CCC /* Release */ = {
			isa = XCBuildConfiguration;
			baseConfigurationReference = DE5DFF5BD00AAAB225607A4A /* Pods-PROD-PlaygroundTests.release.xcconfig */;
			buildSettings = {
				ALWAYS_EMBED_SWIFT_STANDARD_LIBRARIES = YES;
				BUNDLE_LOADER = "$(TEST_HOST)";
				CODE_SIGN_STYLE = Automatic;
				CURRENT_PROJECT_VERSION = 1;
				DEVELOPMENT_TEAM = 3UKXNSMQN9;
				GENERATE_INFOPLIST_FILE = YES;
				IPHONEOS_DEPLOYMENT_TARGET = 15.0;
				MARKETING_VERSION = 1.0;
				PRODUCT_BUNDLE_IDENTIFIER = "tinkoff.PROD-PlaygroundTests";
				PRODUCT_NAME = "$(TARGET_NAME)";
				SWIFT_EMIT_LOC_STRINGS = NO;
				SWIFT_VERSION = 5.0;
				TARGETED_DEVICE_FAMILY = "1,2";
				TEST_HOST = "$(BUILT_PRODUCTS_DIR)/PROD-Playground.app/$(BUNDLE_EXECUTABLE_FOLDER_PATH)/PROD-Playground";
			};
			name = Release;
		};
/* End XCBuildConfiguration section */

/* Begin XCConfigurationList section */
		8791A75D2B3C3783001A2CCC /* Build configuration list for PBXProject "PROD-Playground" */ = {
			isa = XCConfigurationList;
			buildConfigurations = (
				8791A78A2B3C3784001A2CCC /* Debug */,
				8791A78B2B3C3784001A2CCC /* Release */,
			);
			defaultConfigurationIsVisible = 0;
			defaultConfigurationName = Release;
		};
		8791A78C2B3C3784001A2CCC /* Build configuration list for PBXNativeTarget "PROD-Playground" */ = {
			isa = XCConfigurationList;
			buildConfigurations = (
				8791A78D2B3C3784001A2CCC /* Debug */,
				8791A78E2B3C3784001A2CCC /* Release */,
			);
			defaultConfigurationIsVisible = 0;
			defaultConfigurationName = Release;
		};
		8791A78F2B3C3784001A2CCC /* Build configuration list for PBXNativeTarget "PROD-PlaygroundTests" */ = {
			isa = XCConfigurationList;
			buildConfigurations = (
				8791A7902B3C3784001A2CCC /* Debug */,
				8791A7912B3C3784001A2CCC /* Release */,
			);
			defaultConfigurationIsVisible = 0;
			defaultConfigurationName = Release;
		};
/* End XCConfigurationList section */
	};
	rootObject = 8791A75A2B3C3783001A2CCC /* Project object */;
}
